github.com/corbym/gocrest v1.1.1 h1:lry77EvxdkHVL9XaPf0uHTcRPZi9jOXvUbdxhV7djYc=
github.com/corbym/gocrest v1.1.1/go.mod h1:vhNebfdBGx5l0Nh0OM/CvIVqGAnR9AAbI5qA9OxRUOU=
github.com/segmentio/ksuid v1.0.4 h1:sBo2BdShXjmcugAMwjugoGUdUV0pcxY5mW4xKRn3v4c=
github.com/segmentio/ksuid v1.0.4/go.mod h1:/XUiZBD3kVx5SmUOl55voK5yeAbBNNIed+2O73XgrPE=
